
Microsoft Visual Studio Solution File, Format Version 12.00
# Visual Studio 15
VisualStudioVersion = 15.0.26127.3
MinimumVisualStudioVersion = 10.0.40219.1
Project("{FAE04EC0-301F-11D3-BF4B-00C04F79EFBC}") = "MattermostSharp", "MattermostSharp\MattermostSharp.csproj", "{B23970D5-E6D9-4BF0-98F4-24E79C768038}"
EndProject
Project("{FAE04EC0-301F-11D3-BF4B-00C04F79EFBC}") = "MattermostSharp.xUnit", "MattermostSharp.xUnit\MattermostSharp.xUnit.csproj", "{F9BEC974-A186-4FE2-A050-5EA912A0BB63}"
EndProject
Global
	GlobalSection(SolutionConfigurationPlatforms) = preSolution
		Debug|Any CPU = Debug|Any CPU
		Debug|x64 = Debug|x64
		Debug|x86 = Debug|x86
		Release|Any CPU = Release|Any CPU
		Release|x64 = Release|x64
		Release|x86 = Release|x86
	EndGlobalSection
	GlobalSection(ProjectConfigurationPlatforms) = postSolution
		{B23970D5-E6D9-4BF0-98F4-24E79C768038}.Debug|Any CPU.ActiveCfg = Debug|Any CPU
		{B23970D5-E6D9-4BF0-98F4-24E79C768038}.Debug|Any CPU.Build.0 = Debug|Any CPU
		{B23970D5-E6D9-4BF0-98F4-24E79C768038}.Debug|x64.ActiveCfg = Debug|x64
		{B23970D5-E6D9-4BF0-98F4-24E79C768038}.Debug|x64.Build.0 = Debug|x64
		{B23970D5-E6D9-4BF0-98F4-24E79C768038}.Debug|x86.ActiveCfg = Debug|x86
		{B23970D5-E6D9-4BF0-98F4-24E79C768038}.Debug|x86.Build.0 = Debug|x86
		{B23970D5-E6D9-4BF0-98F4-24E79C768038}.Release|Any CPU.ActiveCfg = Release|Any CPU
		{B23970D5-E6D9-4BF0-98F4-24E79C768038}.Release|Any CPU.Build.0 = Release|Any CPU
		{B23970D5-E6D9-4BF0-98F4-24E79C768038}.Release|x64.ActiveCfg = Release|x64
		{B23970D5-E6D9-4BF0-98F4-24E79C768038}.Release|x64.Build.0 = Release|x64
		{B23970D5-E6D9-4BF0-98F4-24E79C768038}.Release|x86.ActiveCfg = Release|x86
		{B23970D5-E6D9-4BF0-98F4-24E79C768038}.Release|x86.Build.0 = Release|x86
		{F9BEC974-A186-4FE2-A050-5EA912A0BB63}.Debug|Any CPU.ActiveCfg = Debug|Any CPU
		{F9BEC974-A186-4FE2-A050-5EA912A0BB63}.Debug|Any CPU.Build.0 = Debug|Any CPU
		{F9BEC974-A186-4FE2-A050-5EA912A0BB63}.Debug|x64.ActiveCfg = Debug|x64
		{F9BEC974-A186-4FE2-A050-5EA912A0BB63}.Debug|x64.Build.0 = Debug|x64
		{F9BEC974-A186-4FE2-A050-5EA912A0BB63}.Debug|x86.ActiveCfg = Debug|x86
		{F9BEC974-A186-4FE2-A050-5EA912A0BB63}.Debug|x86.Build.0 = Debug|x86
		{F9BEC974-A186-4FE2-A050-5EA912A0BB63}.Release|Any CPU.ActiveCfg = Release|Any CPU
		{F9BEC974-A186-4FE2-A050-5EA912A0BB63}.Release|Any CPU.Build.0 = Release|Any CPU
		{F9BEC974-A186-4FE2-A050-5EA912A0BB63}.Release|x64.ActiveCfg = Release|x64
		{F9BEC974-A186-4FE2-A050-5EA912A0BB63}.Release|x64.Build.0 = Release|x64
		{F9BEC974-A186-4FE2-A050-5EA912A0BB63}.Release|x86.ActiveCfg = Release|x86
		{F9BEC974-A186-4FE2-A050-5EA912A0BB63}.Release|x86.Build.0 = Release|x86
	EndGlobalSection
	GlobalSection(SolutionProperties) = preSolution
		HideSolutionNode = FALSE
	EndGlobalSection
EndGlobal
